
Microsoft Visual Studio Solution File, Format Version 12.00
# Visual Studio Version 17
VisualStudioVersion = 17.11.35118.90
MinimumVisualStudioVersion = 10.0.40219.1
Project("{FAE04EC0-301F-11D3-BF4B-00C04F79EFBC}") = "blazor_giftcard", "blazor_giftcard.csproj", "{FDADF258-9E70-4C6F-B739-0C1E7D379A4C}"
EndProject
Global
	GlobalSection(SolutionConfigurationPlatforms) = preSolution
		Debug|Any CPU = Debug|Any CPU
		Release|Any CPU = Release|Any CPU
	EndGlobalSection
	GlobalSection(ProjectConfigurationPlatforms) = postSolution
		{FDADF258-9E70-4C6F-B739-0C1E7D379A4C}.Debug|Any CPU.ActiveCfg = Debug|Any CPU
		{FDADF258-9E70-4C6F-B739-0C1E7D379A4C}.Debug|Any CPU.Build.0 = Debug|Any CPU
		{FDADF258-9E70-4C6F-B739-0C1E7D379A4C}.Release|Any CPU.ActiveCfg = Release|Any CPU
		{FDADF258-9E70-4C6F-B739-0C1E7D379A4C}.Release|Any CPU.Build.0 = Release|Any CPU
	EndGlobalSection
	GlobalSection(SolutionProperties) = preSolution
		HideSolutionNode = FALSE
	EndGlobalSection
	GlobalSection(ExtensibilityGlobals) = postSolution
		SolutionGuid = {55549136-3036-48AC-954D-5858EE130B44}
	EndGlobalSection
EndGlobal
